
Microsoft Visual Studio Solution File, Format Version 12.00
# Visual Studio Version 17
VisualStudioVersion = 17.14.36414.22 d17.14
MinimumVisualStudioVersion = 10.0.40219.1
Project("{FAE04EC0-301F-11D3-BF4B-00C04F79EFBC}") = "SubscriptionManager.API", "SubscriptionManager.API\SubscriptionManager.API.csproj", "{B79BF18B-E443-4247-BBB6-8255445A65C8}"
EndProject
Global
	GlobalSection(SolutionConfigurationPlatforms) = preSolution
		Debug|Any CPU = Debug|Any CPU
		Release|Any CPU = Release|Any CPU
	EndGlobalSection
	GlobalSection(ProjectConfigurationPlatforms) = postSolution
		{B79BF18B-E443-4247-BBB6-8255445A65C8}.Debug|Any CPU.ActiveCfg = Debug|Any CPU
		{B79BF18B-E443-4247-BBB6-8255445A65C8}.Debug|Any CPU.Build.0 = Debug|Any CPU
		{B79BF18B-E443-4247-BBB6-8255445A65C8}.Release|Any CPU.ActiveCfg = Release|Any CPU
		{B79BF18B-E443-4247-BBB6-8255445A65C8}.Release|Any CPU.Build.0 = Release|Any CPU
	EndGlobalSection
	GlobalSection(SolutionProperties) = preSolution
		HideSolutionNode = FALSE
	EndGlobalSection
	GlobalSection(ExtensibilityGlobals) = postSolution
		SolutionGuid = {6967F34E-462D-4B31-8CBA-114B5386511E}
	EndGlobalSection
EndGlobal
